schema: '2.0'
stages:
  load_data:
    cmd: python src\load_data.py --config=params.yaml
    deps:
    - path: data_given\winequality.csv
      md5: ccc8d3507eb151f53f760d36abdef888
      size: 91998
    - path: src\get_data.py
      md5: 05c393afc9b8be5899949716c6f984ce
      size: 716
    - path: src\load_data.py
      md5: 9ebc1c3753668555bb606be325de3796
      size: 688
    outs:
    - path: data\raw\winequality.csv
      md5: 4c61c464c7ce6816f54f3d5ffc860526
      size: 93590
  split_data:
    cmd: python src\split_data.py --config=params.yaml
    deps:
    - path: data\raw\winequality.csv
      md5: 4c61c464c7ce6816f54f3d5ffc860526
      size: 93590
    - path: src\split_data.py
      md5: a3b1d886e2e3a92aa7ea204202ba1840
      size: 1064
    outs:
    - path: data\processed\test_winequality.csv
      md5: f541a8c6a497c84a567e69a13c9d0af4
      size: 18823
    - path: data\processed\train_winequality.csv
      md5: 6d43a464819f562a01d5d9e864be6fdc
      size: 74905
  train_and_evaluate:
    cmd: python src\train_and_evaluate.py --config=params.yaml
    deps:
    - path: data\processed\test_winequality.csv
      md5: f541a8c6a497c84a567e69a13c9d0af4
      size: 18823
    - path: data\processed\train_winequality.csv
      md5: 6d43a464819f562a01d5d9e864be6fdc
      size: 74905
    - path: src\train_and_evaluate.py
      md5: 731de745c7d76b494dd8f4cf84dfdcde
      size: 2527
    params:
      params.yaml:
        estimators.ElasticNet.params.alpha: 0.9
        estimators.ElasticNet.params.l1_ratio: 0.4
    outs:
    - path: report\params.json
      md5: a4aab0167612f21a6085dd05cfafdbf6
      size: 44
    - path: report\scores.json
      md5: ca8b0fefd5d6cda2df73783c27c6e22a
      size: 101
    - path: saved_models\model.joblib
      md5: 591a6bf38896eacda464021240348dd9
      size: 1194
